// !$*UTF8*$!
{
	archiveVersion = 1;
	classes = {
	};
	objectVersion = 51;
	objects = {

/* Begin PBXBuildFile section */
		132B20B6255FA52A00FE65CB /* Restaurant.swift in Sources */ = {isa = PBXBuildFile; fileRef = 132B20B5255FA52A00FE65CB /* Restaurant.swift */; };
		132B20BD255FB73900FE65CB /* SearchResult.swift in Sources */ = {isa = PBXBuildFile; fileRef = 132B20BC255FB73900FE65CB /* SearchResult.swift */; };
		132B20C6255FB76D00FE65CB /* SavedRestaurantsVC.swift in Sources */ = {isa = PBXBuildFile; fileRef = 132B20C4255FB76D00FE65CB /* SavedRestaurantsVC.swift */; };
		132B20C7255FB76D00FE65CB /* SavedRestaurantsVC.xib in Resources */ = {isa = PBXBuildFile; fileRef = 132B20C5255FB76D00FE65CB /* SavedRestaurantsVC.xib */; };
		132B20D0255FB82E00FE65CB /* SavedRestaurantCell.swift in Sources */ = {isa = PBXBuildFile; fileRef = 132B20CE255FB82E00FE65CB /* SavedRestaurantCell.swift */; };
		132B20D1255FB82E00FE65CB /* SavedRestaurantCell.xib in Resources */ = {isa = PBXBuildFile; fileRef = 132B20CF255FB82E00FE65CB /* SavedRestaurantCell.xib */; };
		1357C343255E0AAD00B1A89A /* AppDelegate.swift in Sources */ = {isa = PBXBuildFile; fileRef = 1357C342255E0AAD00B1A89A /* AppDelegate.swift */; };
		1357C345255E0AAD00B1A89A /* SceneDelegate.swift in Sources */ = {isa = PBXBuildFile; fileRef = 1357C344255E0AAD00B1A89A /* SceneDelegate.swift */; };
		1357C347255E0AAD00B1A89A /* ViewController.swift in Sources */ = {isa = PBXBuildFile; fileRef = 1357C346255E0AAD00B1A89A /* ViewController.swift */; };
		1357C34A255E0AAD00B1A89A /* Main.storyboard in Resources */ = {isa = PBXBuildFile; fileRef = 1357C348255E0AAD00B1A89A /* Main.storyboard */; };
		1357C34D255E0AAD00B1A89A /* Rinder.xcdatamodeld in Sources */ = {isa = PBXBuildFile; fileRef = 1357C34B255E0AAD00B1A89A /* Rinder.xcdatamodeld */; };
		1357C34F255E0AB100B1A89A /* Assets.xcassets in Resources */ = {isa = PBXBuildFile; fileRef = 1357C34E255E0AB100B1A89A /* Assets.xcassets */; };
		1357C352255E0AB100B1A89A /* LaunchScreen.storyboard in Resources */ = {isa = PBXBuildFile; fileRef = 1357C350255E0AB100B1A89A /* LaunchScreen.storyboard */; };
		1357C35D255E0AB100B1A89A /* RinderTests.swift in Sources */ = {isa = PBXBuildFile; fileRef = 1357C35C255E0AB100B1A89A /* RinderTests.swift */; };
		1357C368255E0AB100B1A89A /* RinderUITests.swift in Sources */ = {isa = PBXBuildFile; fileRef = 1357C367255E0AB100B1A89A /* RinderUITests.swift */; };
		1357C37A255E0B8100B1A89A /* HomeVC.swift in Sources */ = {isa = PBXBuildFile; fileRef = 1357C378255E0B8100B1A89A /* HomeVC.swift */; };
		1357C37B255E0B8100B1A89A /* HomeVC.xib in Resources */ = {isa = PBXBuildFile; fileRef = 1357C379255E0B8100B1A89A /* HomeVC.xib */; };
		1357C383255E138600B1A89A /* RestaurantHelper.swift in Sources */ = {isa = PBXBuildFile; fileRef = 1357C382255E138600B1A89A /* RestaurantHelper.swift */; };
		1385DAF7256DCA62004440B1 /* UserHelper.swift in Sources */ = {isa = PBXBuildFile; fileRef = 1385DAF6256DCA62004440B1 /* UserHelper.swift */; };
		172A2FCCA4AFBFD6CCE3B9BE /* Pods_RinderTests.framework in Frameworks */ = {isa = PBXBuildFile; fileRef = D505362DDDD81B4A0EE743EB /* Pods_RinderTests.framework */; };
		2C594F5F5A1FA2696752C0E3 /* Pods_Rinder.framework in Frameworks */ = {isa = PBXBuildFile; fileRef = 205E3341B059B67B117F3A9F /* Pods_Rinder.framework */; };
		6B032A6E45A30CF1B14AED9E /* Pods_Rinder_RinderUITests.framework in Frameworks */ = {isa = PBXBuildFile; fileRef = 176DC0567E35D7E358A5C0D4 /* Pods_Rinder_RinderUITests.framework */; };
/* End PBXBuildFile section */

/* Begin PBXContainerItemProxy section */
		1357C359255E0AB100B1A89A /* PBXContainerItemProxy */ = {
			isa = PBXContainerItemProxy;
			containerPortal = 1357C337255E0AAD00B1A89A /* Project object */;
			proxyType = 1;
			remoteGlobalIDString = 1357C33E255E0AAD00B1A89A;
			remoteInfo = Rinder;
		};
		1357C364255E0AB100B1A89A /* PBXContainerItemProxy */ = {
			isa = PBXContainerItemProxy;
			containerPortal = 1357C337255E0AAD00B1A89A /* Project object */;
			proxyType = 1;
			remoteGlobalIDString = 1357C33E255E0AAD00B1A89A;
			remoteInfo = Rinder;
		};
/* End PBXContainerItemProxy section */

/* Begin PBXFileReference section */
		0D25156DB2A210CCEC78F5FB /* Pods-Rinder-RinderUITests.debug.xcconfig */ = {isa = PBXFileReference; includeInIndex = 1; lastKnownFileType = text.xcconfig; name = "Pods-Rinder-RinderUITests.debug.xcconfig"; path = "Target Support Files/Pods-Rinder-RinderUITests/Pods-Rinder-RinderUITests.debug.xcconfig"; sourceTree = "<group>"; };
		132B20B5255FA52A00FE65CB /* Restaurant.swift */ = {isa = PBXFileReference; lastKnownFileType = sourcecode.swift; path = Restaurant.swift; sourceTree = "<group>"; };
		132B20BC255FB73900FE65CB /* SearchResult.swift */ = {isa = PBXFileReference; lastKnownFileType = sourcecode.swift; path = SearchResult.swift; sourceTree = "<group>"; };
		132B20C4255FB76D00FE65CB /* SavedRestaurantsVC.swift */ = {isa = PBXFileReference; lastKnownFileType = sourcecode.swift; path = SavedRestaurantsVC.swift; sourceTree = "<group>"; };
		132B20C5255FB76D00FE65CB /* SavedRestaurantsVC.xib */ = {isa = PBXFileReference; lastKnownFileType = file.xib; path = SavedRestaurantsVC.xib; sourceTree = "<group>"; };
		132B20CE255FB82E00FE65CB /* SavedRestaurantCell.swift */ = {isa = PBXFileReference; lastKnownFileType = sourcecode.swift; path = SavedRestaurantCell.swift; sourceTree = "<group>"; };
		132B20CF255FB82E00FE65CB /* SavedRestaurantCell.xib */ = {isa = PBXFileReference; lastKnownFileType = file.xib; path = SavedRestaurantCell.xib; sourceTree = "<group>"; };
		1357C33F255E0AAD00B1A89A /* Rinder.app */ = {isa = PBXFileReference; explicitFileType = wrapper.application; includeInIndex = 0; path = Rinder.app; sourceTree = BUILT_PRODUCTS_DIR; };
		1357C342255E0AAD00B1A89A /* AppDelegate.swift */ = {isa = PBXFileReference; lastKnownFileType = sourcecode.swift; path = AppDelegate.swift; sourceTree = "<group>"; };
		1357C344255E0AAD00B1A89A /* SceneDelegate.swift */ = {isa = PBXFileReference; lastKnownFileType = sourcecode.swift; path = SceneDelegate.swift; sourceTree = "<group>"; };
		1357C346255E0AAD00B1A89A /* ViewController.swift */ = {isa = PBXFileReference; lastKnownFileType = sourcecode.swift; path = ViewController.swift; sourceTree = "<group>"; };
		1357C349255E0AAD00B1A89A /* Base */ = {isa = PBXFileReference; lastKnownFileType = file.storyboard; name = Base; path = Base.lproj/Main.storyboard; sourceTree = "<group>"; };
		1357C34C255E0AAD00B1A89A /* Rinder.xcdatamodel */ = {isa = PBXFileReference; lastKnownFileType = wrapper.xcdatamodel; path = Rinder.xcdatamodel; sourceTree = "<group>"; };
		1357C34E255E0AB100B1A89A /* Assets.xcassets */ = {isa = PBXFileReference; lastKnownFileType = folder.assetcatalog; path = Assets.xcassets; sourceTree = "<group>"; };
		1357C351255E0AB100B1A89A /* Base */ = {isa = PBXFileReference; lastKnownFileType = file.storyboard; name = Base; path = Base.lproj/LaunchScreen.storyboard; sourceTree = "<group>"; };
		1357C353255E0AB100B1A89A /* Info.plist */ = {isa = PBXFileReference; lastKnownFileType = text.plist.xml; path = Info.plist; sourceTree = "<group>"; };
		1357C358255E0AB100B1A89A /* RinderTests.xctest */ = {isa = PBXFileReference; explicitFileType = wrapper.cfbundle; includeInIndex = 0; path = RinderTests.xctest; sourceTree = BUILT_PRODUCTS_DIR; };
		1357C35C255E0AB100B1A89A /* RinderTests.swift */ = {isa = PBXFileReference; lastKnownFileType = sourcecode.swift; path = RinderTests.swift; sourceTree = "<group>"; };
		1357C35E255E0AB100B1A89A /* Info.plist */ = {isa = PBXFileReference; lastKnownFileType = text.plist.xml; path = Info.plist; sourceTree = "<group>"; };
		1357C363255E0AB100B1A89A /* RinderUITests.xctest */ = {isa = PBXFileReference; explicitFileType = wrapper.cfbundle; includeInIndex = 0; path = RinderUITests.xctest; sourceTree = BUILT_PRODUCTS_DIR; };
		1357C367255E0AB100B1A89A /* RinderUITests.swift */ = {isa = PBXFileReference; lastKnownFileType = sourcecode.swift; path = RinderUITests.swift; sourceTree = "<group>"; };
		1357C369255E0AB100B1A89A /* Info.plist */ = {isa = PBXFileReference; lastKnownFileType = text.plist.xml; path = Info.plist; sourceTree = "<group>"; };
		1357C378255E0B8100B1A89A /* HomeVC.swift */ = {isa = PBXFileReference; lastKnownFileType = sourcecode.swift; path = HomeVC.swift; sourceTree = "<group>"; };
		1357C379255E0B8100B1A89A /* HomeVC.xib */ = {isa = PBXFileReference; lastKnownFileType = file.xib; path = HomeVC.xib; sourceTree = "<group>"; };
		1357C382255E138600B1A89A /* RestaurantHelper.swift */ = {isa = PBXFileReference; lastKnownFileType = sourcecode.swift; path = RestaurantHelper.swift; sourceTree = "<group>"; };
		1385DAF6256DCA62004440B1 /* UserHelper.swift */ = {isa = PBXFileReference; lastKnownFileType = sourcecode.swift; path = UserHelper.swift; sourceTree = "<group>"; };
		176DC0567E35D7E358A5C0D4 /* Pods_Rinder_RinderUITests.framework */ = {isa = PBXFileReference; explicitFileType = wrapper.framework; includeInIndex = 0; path = Pods_Rinder_RinderUITests.framework; sourceTree = BUILT_PRODUCTS_DIR; };
		205E3341B059B67B117F3A9F /* Pods_Rinder.framework */ = {isa = PBXFileReference; explicitFileType = wrapper.framework; includeInIndex = 0; path = Pods_Rinder.framework; sourceTree = BUILT_PRODUCTS_DIR; };
		21C672E98EC87D4FAE5854C6 /* Pods-RinderTests.debug.xcconfig */ = {isa = PBXFileReference; includeInIndex = 1; lastKnownFileType = text.xcconfig; name = "Pods-RinderTests.debug.xcconfig"; path = "Target Support Files/Pods-RinderTests/Pods-RinderTests.debug.xcconfig"; sourceTree = "<group>"; };
		4B248AC196048C2219C996C5 /* Pods-Rinder-RinderUITests.release.xcconfig */ = {isa = PBXFileReference; includeInIndex = 1; lastKnownFileType = text.xcconfig; name = "Pods-Rinder-RinderUITests.release.xcconfig"; path = "Target Support Files/Pods-Rinder-RinderUITests/Pods-Rinder-RinderUITests.release.xcconfig"; sourceTree = "<group>"; };
		7B8C2B7DC99D15F81F49D0BC /* Pods-Rinder.release.xcconfig */ = {isa = PBXFileReference; includeInIndex = 1; lastKnownFileType = text.xcconfig; name = "Pods-Rinder.release.xcconfig"; path = "Target Support Files/Pods-Rinder/Pods-Rinder.release.xcconfig"; sourceTree = "<group>"; };
		84D4439205480FBE266C44EE /* Pods-RinderTests.release.xcconfig */ = {isa = PBXFileReference; includeInIndex = 1; lastKnownFileType = text.xcconfig; name = "Pods-RinderTests.release.xcconfig"; path = "Target Support Files/Pods-RinderTests/Pods-RinderTests.release.xcconfig"; sourceTree = "<group>"; };
		B0E9EF6178197870E23A8B32 /* Pods-Rinder.debug.xcconfig */ = {isa = PBXFileReference; includeInIndex = 1; lastKnownFileType = text.xcconfig; name = "Pods-Rinder.debug.xcconfig"; path = "Target Support Files/Pods-Rinder/Pods-Rinder.debug.xcconfig"; sourceTree = "<group>"; };
		D505362DDDD81B4A0EE743EB /* Pods_RinderTests.framework */ = {isa = PBXFileReference; explicitFileType = wrapper.framework; includeInIndex = 0; path = Pods_RinderTests.framework; sourceTree = BUILT_PRODUCTS_DIR; };
/* End PBXFileReference section */

/* Begin PBXFrameworksBuildPhase section */
		1357C33C255E0AAD00B1A89A /* Frameworks */ = {
			isa = PBXFrameworksBuildPhase;
			buildActionMask = 2147483647;
			files = (
				2C594F5F5A1FA2696752C0E3 /* Pods_Rinder.framework in Frameworks */,
			);
			runOnlyForDeploymentPostprocessing = 0;
		};
		1357C355255E0AB100B1A89A /* Frameworks */ = {
			isa = PBXFrameworksBuildPhase;
			buildActionMask = 2147483647;
			files = (
				172A2FCCA4AFBFD6CCE3B9BE /* Pods_RinderTests.framework in Frameworks */,
			);
			runOnlyForDeploymentPostprocessing = 0;
		};
		1357C360255E0AB100B1A89A /* Frameworks */ = {
			isa = PBXFrameworksBuildPhase;
			buildActionMask = 2147483647;
			files = (
				6B032A6E45A30CF1B14AED9E /* Pods_Rinder_RinderUITests.framework in Frameworks */,
			);
			runOnlyForDeploymentPostprocessing = 0;
		};
/* End PBXFrameworksBuildPhase section */

/* Begin PBXGroup section */
		0EBE9C647BA906D92759ECA8 /* Frameworks */ = {
			isa = PBXGroup;
			children = (
				205E3341B059B67B117F3A9F /* Pods_Rinder.framework */,
				176DC0567E35D7E358A5C0D4 /* Pods_Rinder_RinderUITests.framework */,
				D505362DDDD81B4A0EE743EB /* Pods_RinderTests.framework */,
			);
			name = Frameworks;
			sourceTree = "<group>";
		};
		132B20BA255FB6FB00FE65CB /* View Controllers */ = {
			isa = PBXGroup;
			children = (
				1357C346255E0AAD00B1A89A /* ViewController.swift */,
				1357C378255E0B8100B1A89A /* HomeVC.swift */,
				1357C379255E0B8100B1A89A /* HomeVC.xib */,
				132B20C4255FB76D00FE65CB /* SavedRestaurantsVC.swift */,
				132B20C5255FB76D00FE65CB /* SavedRestaurantsVC.xib */,
			);
			path = "View Controllers";
			sourceTree = "<group>";
		};
		132B20BB255FB71700FE65CB /* Models */ = {
			isa = PBXGroup;
			children = (
				1357C34B255E0AAD00B1A89A /* Rinder.xcdatamodeld */,
				132B20BC255FB73900FE65CB /* SearchResult.swift */,
				132B20B5255FA52A00FE65CB /* Restaurant.swift */,
			);
			path = Models;
			sourceTree = "<group>";
		};
		1357C336255E0AAD00B1A89A = {
			isa = PBXGroup;
			children = (
				1357C341255E0AAD00B1A89A /* Rinder */,
				1357C35B255E0AB100B1A89A /* RinderTests */,
				1357C366255E0AB100B1A89A /* RinderUITests */,
				1357C340255E0AAD00B1A89A /* Products */,
				9A51A119921889FF167E7BF1 /* Pods */,
				0EBE9C647BA906D92759ECA8 /* Frameworks */,
			);
			sourceTree = "<group>";
		};
		1357C340255E0AAD00B1A89A /* Products */ = {
			isa = PBXGroup;
			children = (
				1357C33F255E0AAD00B1A89A /* Rinder.app */,
				1357C358255E0AB100B1A89A /* RinderTests.xctest */,
				1357C363255E0AB100B1A89A /* RinderUITests.xctest */,
			);
			name = Products;
			sourceTree = "<group>";
		};
		1357C341255E0AAD00B1A89A /* Rinder */ = {
			isa = PBXGroup;
			children = (
				132B20BB255FB71700FE65CB /* Models */,
				132B20BA255FB6FB00FE65CB /* View Controllers */,
				1385DAF6256DCA62004440B1 /* UserHelper.swift */,
				1357C382255E138600B1A89A /* RestaurantHelper.swift */,
				1357C342255E0AAD00B1A89A /* AppDelegate.swift */,
				1357C344255E0AAD00B1A89A /* SceneDelegate.swift */,
				1357C348255E0AAD00B1A89A /* Main.storyboard */,
				1357C34E255E0AB100B1A89A /* Assets.xcassets */,
				1357C350255E0AB100B1A89A /* LaunchScreen.storyboard */,
				1357C353255E0AB100B1A89A /* Info.plist */,
				132B20CE255FB82E00FE65CB /* SavedRestaurantCell.swift */,
				132B20CF255FB82E00FE65CB /* SavedRestaurantCell.xib */,
			);
			path = Rinder;
			sourceTree = "<group>";
		};
		1357C35B255E0AB100B1A89A /* RinderTests */ = {
			isa = PBXGroup;
			children = (
				1357C35C255E0AB100B1A89A /* RinderTests.swift */,
				1357C35E255E0AB100B1A89A /* Info.plist */,
			);
			path = RinderTests;
			sourceTree = "<group>";
		};
		1357C366255E0AB100B1A89A /* RinderUITests */ = {
			isa = PBXGroup;
			children = (
				1357C367255E0AB100B1A89A /* RinderUITests.swift */,
				1357C369255E0AB100B1A89A /* Info.plist */,
			);
			path = RinderUITests;
			sourceTree = "<group>";
		};
		9A51A119921889FF167E7BF1 /* Pods */ = {
			isa = PBXGroup;
			children = (
				B0E9EF6178197870E23A8B32 /* Pods-Rinder.debug.xcconfig */,
				7B8C2B7DC99D15F81F49D0BC /* Pods-Rinder.release.xcconfig */,
				0D25156DB2A210CCEC78F5FB /* Pods-Rinder-RinderUITests.debug.xcconfig */,
				4B248AC196048C2219C996C5 /* Pods-Rinder-RinderUITests.release.xcconfig */,
				21C672E98EC87D4FAE5854C6 /* Pods-RinderTests.debug.xcconfig */,
				84D4439205480FBE266C44EE /* Pods-RinderTests.release.xcconfig */,
			);
			path = Pods;
			sourceTree = "<group>";
		};
/* End PBXGroup section */

/* Begin PBXNativeTarget section */
		1357C33E255E0AAD00B1A89A /* Rinder */ = {
			isa = PBXNativeTarget;
			buildConfigurationList = 1357C36C255E0AB100B1A89A /* Build configuration list for PBXNativeTarget "Rinder" */;
			buildPhases = (
				6EE7F59438C4C345F61BB25F /* [CP] Check Pods Manifest.lock */,
				1357C33B255E0AAD00B1A89A /* Sources */,
				1357C33C255E0AAD00B1A89A /* Frameworks */,
				1357C33D255E0AAD00B1A89A /* Resources */,
				A2DAD4CA17CFD6786DC1BE81 /* [CP] Embed Pods Frameworks */,
				F4487DF8EE4B334CCEF0A534 /* [CP] Copy Pods Resources */,
				5BFC2D382561CF450046E4E9 /* SwiftLint */,
			);
			buildRules = (
			);
			dependencies = (
			);
			name = Rinder;
			productName = Rinder;
			productReference = 1357C33F255E0AAD00B1A89A /* Rinder.app */;
			productType = "com.apple.product-type.application";
		};
		1357C357255E0AB100B1A89A /* RinderTests */ = {
			isa = PBXNativeTarget;
			buildConfigurationList = 1357C36F255E0AB100B1A89A /* Build configuration list for PBXNativeTarget "RinderTests" */;
			buildPhases = (
				9BFB94A8F4B003BCAD5026EB /* [CP] Check Pods Manifest.lock */,
				1357C354255E0AB100B1A89A /* Sources */,
				1357C355255E0AB100B1A89A /* Frameworks */,
				1357C356255E0AB100B1A89A /* Resources */,
			);
			buildRules = (
			);
			dependencies = (
				1357C35A255E0AB100B1A89A /* PBXTargetDependency */,
			);
			name = RinderTests;
			productName = RinderTests;
			productReference = 1357C358255E0AB100B1A89A /* RinderTests.xctest */;
			productType = "com.apple.product-type.bundle.unit-test";
		};
		1357C362255E0AB100B1A89A /* RinderUITests */ = {
			isa = PBXNativeTarget;
			buildConfigurationList = 1357C372255E0AB100B1A89A /* Build configuration list for PBXNativeTarget "RinderUITests" */;
			buildPhases = (
				17D1B1EF811744F33DFEE5F5 /* [CP] Check Pods Manifest.lock */,
				1357C35F255E0AB100B1A89A /* Sources */,
				1357C360255E0AB100B1A89A /* Frameworks */,
				1357C361255E0AB100B1A89A /* Resources */,
				7CD77CD245CFC8FE7FA32C4F /* [CP] Embed Pods Frameworks */,
				4340FB8A3DECA99977893274 /* [CP] Copy Pods Resources */,
			);
			buildRules = (
			);
			dependencies = (
				1357C365255E0AB100B1A89A /* PBXTargetDependency */,
			);
			name = RinderUITests;
			productName = RinderUITests;
			productReference = 1357C363255E0AB100B1A89A /* RinderUITests.xctest */;
			productType = "com.apple.product-type.bundle.ui-testing";
		};
/* End PBXNativeTarget section */

/* Begin PBXProject section */
		1357C337255E0AAD00B1A89A /* Project object */ = {
			isa = PBXProject;
			attributes = {
				LastSwiftUpdateCheck = 1210;
				LastUpgradeCheck = 1210;
				TargetAttributes = {
					1357C33E255E0AAD00B1A89A = {
						CreatedOnToolsVersion = 12.1;
					};
					1357C357255E0AB100B1A89A = {
						CreatedOnToolsVersion = 12.1;
						TestTargetID = 1357C33E255E0AAD00B1A89A;
					};
					1357C362255E0AB100B1A89A = {
						CreatedOnToolsVersion = 12.1;
						TestTargetID = 1357C33E255E0AAD00B1A89A;
					};
				};
			};
			buildConfigurationList = 1357C33A255E0AAD00B1A89A /* Build configuration list for PBXProject "Rinder" */;
			compatibilityVersion = "Xcode 9.3";
			developmentRegion = en;
			hasScannedForEncodings = 0;
			knownRegions = (
				en,
				Base,
			);
			mainGroup = 1357C336255E0AAD00B1A89A;
			productRefGroup = 1357C340255E0AAD00B1A89A /* Products */;
			projectDirPath = "";
			projectRoot = "";
			targets = (
				1357C33E255E0AAD00B1A89A /* Rinder */,
				1357C357255E0AB100B1A89A /* RinderTests */,
				1357C362255E0AB100B1A89A /* RinderUITests */,
			);
		};
/* End PBXProject section */

/* Begin PBXResourcesBuildPhase section */
		1357C33D255E0AAD00B1A89A /* Resources */ = {
			isa = PBXResourcesBuildPhase;
			buildActionMask = 2147483647;
			files = (
				1357C352255E0AB100B1A89A /* LaunchScreen.storyboard in Resources */,
				1357C37B255E0B8100B1A89A /* HomeVC.xib in Resources */,
				132B20D1255FB82E00FE65CB /* SavedRestaurantCell.xib in Resources */,
				1357C34F255E0AB100B1A89A /* Assets.xcassets in Resources */,
				1357C34A255E0AAD00B1A89A /* Main.storyboard in Resources */,
				132B20C7255FB76D00FE65CB /* SavedRestaurantsVC.xib in Resources */,
			);
			runOnlyForDeploymentPostprocessing = 0;
		};
		1357C356255E0AB100B1A89A /* Resources */ = {
			isa = PBXResourcesBuildPhase;
			buildActionMask = 2147483647;
			files = (
			);
			runOnlyForDeploymentPostprocessing = 0;
		};
		1357C361255E0AB100B1A89A /* Resources */ = {
			isa = PBXResourcesBuildPhase;
			buildActionMask = 2147483647;
			files = (
			);
			runOnlyForDeploymentPostprocessing = 0;
		};
/* End PBXResourcesBuildPhase section */

/* Begin PBXShellScriptBuildPhase section */
		17D1B1EF811744F33DFEE5F5 /* [CP] Check Pods Manifest.lock */ = {
			isa = PBXShellScriptBuildPhase;
			buildActionMask = 2147483647;
			files = (
			);
			inputFileListPaths = (
			);
			inputPaths = (
				"${PODS_PODFILE_DIR_PATH}/Podfile.lock",
				"${PODS_ROOT}/Manifest.lock",
			);
			name = "[CP] Check Pods Manifest.lock";
			outputFileListPaths = (
			);
			outputPaths = (
				"$(DERIVED_FILE_DIR)/Pods-Rinder-RinderUITests-checkManifestLockResult.txt",
			);
			runOnlyForDeploymentPostprocessing = 0;
			shellPath = /bin/sh;
			shellScript = "diff \"${PODS_PODFILE_DIR_PATH}/Podfile.lock\" \"${PODS_ROOT}/Manifest.lock\" > /dev/null\nif [ $? != 0 ] ; then\n    # print error to STDERR\n    echo \"error: The sandbox is not in sync with the Podfile.lock. Run 'pod install' or update your CocoaPods installation.\" >&2\n    exit 1\nfi\n# This output is used by Xcode 'outputs' to avoid re-running this script phase.\necho \"SUCCESS\" > \"${SCRIPT_OUTPUT_FILE_0}\"\n";
			showEnvVarsInLog = 0;
		};
		4340FB8A3DECA99977893274 /* [CP] Copy Pods Resources */ = {
			isa = PBXShellScriptBuildPhase;
			buildActionMask = 2147483647;
			files = (
			);
			inputFileListPaths = (
				"${PODS_ROOT}/Target Support Files/Pods-Rinder-RinderUITests/Pods-Rinder-RinderUITests-resources-${CONFIGURATION}-input-files.xcfilelist",
			);
			name = "[CP] Copy Pods Resources";
			outputFileListPaths = (
				"${PODS_ROOT}/Target Support Files/Pods-Rinder-RinderUITests/Pods-Rinder-RinderUITests-resources-${CONFIGURATION}-output-files.xcfilelist",
			);
			runOnlyForDeploymentPostprocessing = 0;
			shellPath = /bin/sh;
			shellScript = "\"${PODS_ROOT}/Target Support Files/Pods-Rinder-RinderUITests/Pods-Rinder-RinderUITests-resources.sh\"\n";
			showEnvVarsInLog = 0;
		};
		5BFC2D382561CF450046E4E9 /* SwiftLint */ = {
			isa = PBXShellScriptBuildPhase;
			buildActionMask = 2147483647;
			files = (
			);
			inputFileListPaths = (
			);
			inputPaths = (
			);
			name = SwiftLint;
			outputFileListPaths = (
			);
			outputPaths = (
			);
			runOnlyForDeploymentPostprocessing = 0;
			shellPath = /bin/sh;
			shellScript = "if which \"${PODS_ROOT}/SwiftLint/swiftlint\" >/dev/null; then\n    ${PODS_ROOT}/SwiftLint/swiftlint --config ${SRCROOT}/.swiftlint.yml\nelse \n    echo \"Please install Swiftlint from https://github.com/realm/swiftlint\"\nfi\n";
		};
		6EE7F59438C4C345F61BB25F /* [CP] Check Pods Manifest.lock */ = {
			isa = PBXShellScriptBuildPhase;
			buildActionMask = 2147483647;
			files = (
			);
			inputFileListPaths = (
			);
			inputPaths = (
				"${PODS_PODFILE_DIR_PATH}/Podfile.lock",
				"${PODS_ROOT}/Manifest.lock",
			);
			name = "[CP] Check Pods Manifest.lock";
			outputFileListPaths = (
			);
			outputPaths = (
				"$(DERIVED_FILE_DIR)/Pods-Rinder-checkManifestLockResult.txt",
			);
			runOnlyForDeploymentPostprocessing = 0;
			shellPath = /bin/sh;
			shellScript = "diff \"${PODS_PODFILE_DIR_PATH}/Podfile.lock\" \"${PODS_ROOT}/Manifest.lock\" > /dev/null\nif [ $? != 0 ] ; then\n    # print error to STDERR\n    echo \"error: The sandbox is not in sync with the Podfile.lock. Run 'pod install' or update your CocoaPods installation.\" >&2\n    exit 1\nfi\n# This output is used by Xcode 'outputs' to avoid re-running this script phase.\necho \"SUCCESS\" > \"${SCRIPT_OUTPUT_FILE_0}\"\n";
			showEnvVarsInLog = 0;
		};
		7CD77CD245CFC8FE7FA32C4F /* [CP] Embed Pods Frameworks */ = {
			isa = PBXShellScriptBuildPhase;
			buildActionMask = 2147483647;
			files = (
			);
			inputFileListPaths = (
				"${PODS_ROOT}/Target Support Files/Pods-Rinder-RinderUITests/Pods-Rinder-RinderUITests-frameworks-${CONFIGURATION}-input-files.xcfilelist",
			);
			name = "[CP] Embed Pods Frameworks";
			outputFileListPaths = (
				"${PODS_ROOT}/Target Support Files/Pods-Rinder-RinderUITests/Pods-Rinder-RinderUITests-frameworks-${CONFIGURATION}-output-files.xcfilelist",
			);
			runOnlyForDeploymentPostprocessing = 0;
			shellPath = /bin/sh;
			shellScript = "\"${PODS_ROOT}/Target Support Files/Pods-Rinder-RinderUITests/Pods-Rinder-RinderUITests-frameworks.sh\"\n";
			showEnvVarsInLog = 0;
		};
		9BFB94A8F4B003BCAD5026EB /* [CP] Check Pods Manifest.lock */ = {
			isa = PBXShellScriptBuildPhase;
			buildActionMask = 2147483647;
			files = (
			);
			inputFileListPaths = (
			);
			inputPaths = (
				"${PODS_PODFILE_DIR_PATH}/Podfile.lock",
				"${PODS_ROOT}/Manifest.lock",
			);
			name = "[CP] Check Pods Manifest.lock";
			outputFileListPaths = (
			);
			outputPaths = (
				"$(DERIVED_FILE_DIR)/Pods-RinderTests-checkManifestLockResult.txt",
			);
			runOnlyForDeploymentPostprocessing = 0;
			shellPath = /bin/sh;
			shellScript = "diff \"${PODS_PODFILE_DIR_PATH}/Podfile.lock\" \"${PODS_ROOT}/Manifest.lock\" > /dev/null\nif [ $? != 0 ] ; then\n    # print error to STDERR\n    echo \"error: The sandbox is not in sync with the Podfile.lock. Run 'pod install' or update your CocoaPods installation.\" >&2\n    exit 1\nfi\n# This output is used by Xcode 'outputs' to avoid re-running this script phase.\necho \"SUCCESS\" > \"${SCRIPT_OUTPUT_FILE_0}\"\n";
			showEnvVarsInLog = 0;
		};
		A2DAD4CA17CFD6786DC1BE81 /* [CP] Embed Pods Frameworks */ = {
			isa = PBXShellScriptBuildPhase;
			buildActionMask = 2147483647;
			files = (
			);
			inputFileListPaths = (
				"${PODS_ROOT}/Target Support Files/Pods-Rinder/Pods-Rinder-frameworks-${CONFIGURATION}-input-files.xcfilelist",
			);
			name = "[CP] Embed Pods Frameworks";
			outputFileListPaths = (
				"${PODS_ROOT}/Target Support Files/Pods-Rinder/Pods-Rinder-frameworks-${CONFIGURATION}-output-files.xcfilelist",
			);
			runOnlyForDeploymentPostprocessing = 0;
			shellPath = /bin/sh;
			shellScript = "\"${PODS_ROOT}/Target Support Files/Pods-Rinder/Pods-Rinder-frameworks.sh\"\n";
			showEnvVarsInLog = 0;
		};
		F4487DF8EE4B334CCEF0A534 /* [CP] Copy Pods Resources */ = {
			isa = PBXShellScriptBuildPhase;
			buildActionMask = 2147483647;
			files = (
			);
			inputFileListPaths = (
				"${PODS_ROOT}/Target Support Files/Pods-Rinder/Pods-Rinder-resources-${CONFIGURATION}-input-files.xcfilelist",
			);
			name = "[CP] Copy Pods Resources";
			outputFileListPaths = (
				"${PODS_ROOT}/Target Support Files/Pods-Rinder/Pods-Rinder-resources-${CONFIGURATION}-output-files.xcfilelist",
			);
			runOnlyForDeploymentPostprocessing = 0;
			shellPath = /bin/sh;
			shellScript = "\"${PODS_ROOT}/Target Support Files/Pods-Rinder/Pods-Rinder-resources.sh\"\n";
			showEnvVarsInLog = 0;
		};
/* End PBXShellScriptBuildPhase section */

/* Begin PBXSourcesBuildPhase section */
		1357C33B255E0AAD00B1A89A /* Sources */ = {
			isa = PBXSourcesBuildPhase;
			buildActionMask = 2147483647;
			files = (
				132B20C6255FB76D00FE65CB /* SavedRestaurantsVC.swift in Sources */,
				1357C347255E0AAD00B1A89A /* ViewController.swift in Sources */,
				1357C37A255E0B8100B1A89A /* HomeVC.swift in Sources */,
				132B20BD255FB73900FE65CB /* SearchResult.swift in Sources */,
				1385DAF7256DCA62004440B1 /* UserHelper.swift in Sources */,
				132B20D0255FB82E00FE65CB /* SavedRestaurantCell.swift in Sources */,
				1357C383255E138600B1A89A /* RestaurantHelper.swift in Sources */,
				132B20B6255FA52A00FE65CB /* Restaurant.swift in Sources */,
				1357C343255E0AAD00B1A89A /* AppDelegate.swift in Sources */,
				1357C345255E0AAD00B1A89A /* SceneDelegate.swift in Sources */,
				1357C34D255E0AAD00B1A89A /* Rinder.xcdatamodeld in Sources */,
			);
			runOnlyForDeploymentPostprocessing = 0;
		};
		1357C354255E0AB100B1A89A /* Sources */ = {
			isa = PBXSourcesBuildPhase;
			buildActionMask = 2147483647;
			files = (
				1357C35D255E0AB100B1A89A /* RinderTests.swift in Sources */,
			);
			runOnlyForDeploymentPostprocessing = 0;
		};
		1357C35F255E0AB100B1A89A /* Sources */ = {
			isa = PBXSourcesBuildPhase;
			buildActionMask = 2147483647;
			files = (
				1357C368255E0AB100B1A89A /* RinderUITests.swift in Sources */,
			);
			runOnlyForDeploymentPostprocessing = 0;
		};
/* End PBXSourcesBuildPhase section */

/* Begin PBXTargetDependency section */
		1357C35A255E0AB100B1A89A /* PBXTargetDependency */ = {
			isa = PBXTargetDependency;
			target = 1357C33E255E0AAD00B1A89A /* Rinder */;
			targetProxy = 1357C359255E0AB100B1A89A /* PBXContainerItemProxy */;
		};
		1357C365255E0AB100B1A89A /* PBXTargetDependency */ = {
			isa = PBXTargetDependency;
			target = 1357C33E255E0AAD00B1A89A /* Rinder */;
			targetProxy = 1357C364255E0AB100B1A89A /* PBXContainerItemProxy */;
		};
/* End PBXTargetDependency section */

/* Begin PBXVariantGroup section */
		1357C348255E0AAD00B1A89A /* Main.storyboard */ = {
			isa = PBXVariantGroup;
			children = (
				1357C349255E0AAD00B1A89A /* Base */,
			);
			name = Main.storyboard;
			sourceTree = "<group>";
		};
		1357C350255E0AB100B1A89A /* LaunchScreen.storyboard */ = {
			isa = PBXVariantGroup;
			children = (
				1357C351255E0AB100B1A89A /* Base */,
			);
			name = LaunchScreen.storyboard;
			sourceTree = "<group>";
		};
/* End PBXVariantGroup section */

/* Begin XCBuildConfiguration section */
		1357C36A255E0AB100B1A89A /* Debug */ = {
			isa = XCBuildConfiguration;
			buildSettings = {
				ALWAYS_SEARCH_USER_PATHS = NO;
				CLANG_ANALYZER_NONNULL = YES;
				CLANG_ANALYZER_NUMBER_OBJECT_CONVERSION = YES_AGGRESSIVE;
				CLANG_CXX_LANGUAGE_STANDARD = "gnu++14";
				CLANG_CXX_LIBRARY = "libc++";
				CLANG_ENABLE_MODULES = YES;
				CLANG_ENABLE_OBJC_ARC = YES;
				CLANG_ENABLE_OBJC_WEAK = YES;
				CLANG_WARN_BLOCK_CAPTURE_AUTORELEASING = YES;
				CLANG_WARN_BOOL_CONVERSION = YES;
				CLANG_WARN_COMMA = YES;
				CLANG_WARN_CONSTANT_CONVERSION = YES;
				CLANG_WARN_DEPRECATED_OBJC_IMPLEMENTATIONS = YES;
				CLANG_WARN_DIRECT_OBJC_ISA_USAGE = YES_ERROR;
				CLANG_WARN_DOCUMENTATION_COMMENTS = YES;
				CLANG_WARN_EMPTY_BODY = YES;
				CLANG_WARN_ENUM_CONVERSION = YES;
				CLANG_WARN_INFINITE_RECURSION = YES;
				CLANG_WARN_INT_CONVERSION = YES;
				CLANG_WARN_NON_LITERAL_NULL_CONVERSION = YES;
				CLANG_WARN_OBJC_IMPLICIT_RETAIN_SELF = YES;
				CLANG_WARN_OBJC_LITERAL_CONVERSION = YES;
				CLANG_WARN_OBJC_ROOT_CLASS = YES_ERROR;
				CLANG_WARN_QUOTED_INCLUDE_IN_FRAMEWORK_HEADER = YES;
				CLANG_WARN_RANGE_LOOP_ANALYSIS = YES;
				CLANG_WARN_STRICT_PROTOTYPES = YES;
				CLANG_WARN_SUSPICIOUS_MOVE = YES;
				CLANG_WARN_UNGUARDED_AVAILABILITY = YES_AGGRESSIVE;
				CLANG_WARN_UNREACHABLE_CODE = YES;
				CLANG_WARN__DUPLICATE_METHOD_MATCH = YES;
				COPY_PHASE_STRIP = NO;
				DEBUG_INFORMATION_FORMAT = dwarf;
				ENABLE_STRICT_OBJC_MSGSEND = YES;
				ENABLE_TESTABILITY = YES;
				GCC_C_LANGUAGE_STANDARD = gnu11;
				GCC_DYNAMIC_NO_PIC = NO;
				GCC_NO_COMMON_BLOCKS = YES;
				GCC_OPTIMIZATION_LEVEL = 0;
				GCC_PREPROCESSOR_DEFINITIONS = (
					"DEBUG=1",
					"$(inherited)",
				);
				GCC_WARN_64_TO_32_BIT_CONVERSION = YES;
				GCC_WARN_ABOUT_RETURN_TYPE = YES_ERROR;
				GCC_WARN_UNDECLARED_SELECTOR = YES;
				GCC_WARN_UNINITIALIZED_AUTOS = YES_AGGRESSIVE;
				GCC_WARN_UNUSED_FUNCTION = YES;
				GCC_WARN_UNUSED_VARIABLE = YES;
				IPHONEOS_DEPLOYMENT_TARGET = 14.1;
				MTL_ENABLE_DEBUG_INFO = INCLUDE_SOURCE;
				MTL_FAST_MATH = YES;
				ONLY_ACTIVE_ARCH = YES;
				SDKROOT = iphoneos;
				SWIFT_ACTIVE_COMPILATION_CONDITIONS = DEBUG;
				SWIFT_OPTIMIZATION_LEVEL = "-Onone";
			};
			name = Debug;
		};
		1357C36B255E0AB100B1A89A /* Release */ = {
			isa = XCBuildConfiguration;
			buildSettings = {
				ALWAYS_SEARCH_USER_PATHS = NO;
				CLANG_ANALYZER_NONNULL = YES;
				CLANG_ANALYZER_NUMBER_OBJECT_CONVERSION = YES_AGGRESSIVE;
				CLANG_CXX_LANGUAGE_STANDARD = "gnu++14";
				CLANG_CXX_LIBRARY = "libc++";
				CLANG_ENABLE_MODULES = YES;
				CLANG_ENABLE_OBJC_ARC = YES;
				CLANG_ENABLE_OBJC_WEAK = YES;
				CLANG_WARN_BLOCK_CAPTURE_AUTORELEASING = YES;
				CLANG_WARN_BOOL_CONVERSION = YES;
				CLANG_WARN_COMMA = YES;
				CLANG_WARN_CONSTANT_CONVERSION = YES;
				CLANG_WARN_DEPRECATED_OBJC_IMPLEMENTATIONS = YES;
				CLANG_WARN_DIRECT_OBJC_ISA_USAGE = YES_ERROR;
				CLANG_WARN_DOCUMENTATION_COMMENTS = YES;
				CLANG_WARN_EMPTY_BODY = YES;
				CLANG_WARN_ENUM_CONVERSION = YES;
				CLANG_WARN_INFINITE_RECURSION = YES;
				CLANG_WARN_INT_CONVERSION = YES;
				CLANG_WARN_NON_LITERAL_NULL_CONVERSION = YES;
				CLANG_WARN_OBJC_IMPLICIT_RETAIN_SELF = YES;
				CLANG_WARN_OBJC_LITERAL_CONVERSION = YES;
				CLANG_WARN_OBJC_ROOT_CLASS = YES_ERROR;
				CLANG_WARN_QUOTED_INCLUDE_IN_FRAMEWORK_HEADER = YES;
				CLANG_WARN_RANGE_LOOP_ANALYSIS = YES;
				CLANG_WARN_STRICT_PROTOTYPES = YES;
				CLANG_WARN_SUSPICIOUS_MOVE = YES;
				CLANG_WARN_UNGUARDED_AVAILABILITY = YES_AGGRESSIVE;
				CLANG_WARN_UNREACHABLE_CODE = YES;
				CLANG_WARN__DUPLICATE_METHOD_MATCH = YES;
				COPY_PHASE_STRIP = NO;
				DEBUG_INFORMATION_FORMAT = "dwarf-with-dsym";
				ENABLE_NS_ASSERTIONS = NO;
				ENABLE_STRICT_OBJC_MSGSEND = YES;
				GCC_C_LANGUAGE_STANDARD = gnu11;
				GCC_NO_COMMON_BLOCKS = YES;
				GCC_WARN_64_TO_32_BIT_CONVERSION = YES;
				GCC_WARN_ABOUT_RETURN_TYPE = YES_ERROR;
				GCC_WARN_UNDECLARED_SELECTOR = YES;
				GCC_WARN_UNINITIALIZED_AUTOS = YES_AGGRESSIVE;
				GCC_WARN_UNUSED_FUNCTION = YES;
				GCC_WARN_UNUSED_VARIABLE = YES;
				IPHONEOS_DEPLOYMENT_TARGET = 14.1;
				MTL_ENABLE_DEBUG_INFO = NO;
				MTL_FAST_MATH = YES;
				SDKROOT = iphoneos;
				SWIFT_COMPILATION_MODE = wholemodule;
				SWIFT_OPTIMIZATION_LEVEL = "-O";
				VALIDATE_PRODUCT = YES;
			};
			name = Release;
		};
		1357C36D255E0AB100B1A89A /* Debug */ = {
			isa = XCBuildConfiguration;
			baseConfigurationReference = B0E9EF6178197870E23A8B32 /* Pods-Rinder.debug.xcconfig */;
			buildSettings = {
				ASSETCATALOG_COMPILER_APPICON_NAME = AppIcon;
				ASSETCATALOG_COMPILER_GLOBAL_ACCENT_COLOR_NAME = AccentColor;
				CODE_SIGN_STYLE = Automatic;
				INFOPLIST_FILE = Rinder/Info.plist;
				IPHONEOS_DEPLOYMENT_TARGET = 14.0;
				LD_RUNPATH_SEARCH_PATHS = (
					"$(inherited)",
					"@executable_path/Frameworks",
				);
				PRODUCT_BUNDLE_IDENTIFIER = com.2KFTJ.Rinder;
				PRODUCT_NAME = "$(TARGET_NAME)";
				SWIFT_VERSION = 5.0;
				TARGETED_DEVICE_FAMILY = "1,2";
			};
			name = Debug;
		};
		1357C36E255E0AB100B1A89A /* Release */ = {
			isa = XCBuildConfiguration;
			baseConfigurationReference = 7B8C2B7DC99D15F81F49D0BC /* Pods-Rinder.release.xcconfig */;
			buildSettings = {
				ASSETCATALOG_COMPILER_APPICON_NAME = AppIcon;
				ASSETCATALOG_COMPILER_GLOBAL_ACCENT_COLOR_NAME = AccentColor;
				CODE_SIGN_STYLE = Automatic;
				INFOPLIST_FILE = Rinder/Info.plist;
				IPHONEOS_DEPLOYMENT_TARGET = 14.0;
				LD_RUNPATH_SEARCH_PATHS = (
					"$(inherited)",
					"@executable_path/Frameworks",
				);
				PRODUCT_BUNDLE_IDENTIFIER = com.2KFTJ.Rinder;
				PRODUCT_NAME = "$(TARGET_NAME)";
				SWIFT_VERSION = 5.0;
				TARGETED_DEVICE_FAMILY = "1,2";
			};
			name = Release;
		};
		1357C370255E0AB100B1A89A /* Debug */ = {
			isa = XCBuildConfiguration;
			baseConfigurationReference = 21C672E98EC87D4FAE5854C6 /* Pods-RinderTests.debug.xcconfig */;
			buildSettings = {
				ALWAYS_EMBED_SWIFT_STANDARD_LIBRARIES = YES;
				BUNDLE_LOADER = "$(TEST_HOST)";
				CODE_SIGN_STYLE = Automatic;
				INFOPLIST_FILE = RinderTests/Info.plist;
				IPHONEOS_DEPLOYMENT_TARGET = 14.1;
				LD_RUNPATH_SEARCH_PATHS = (
					"$(inherited)",
					"@executable_path/Frameworks",
					"@loader_path/Frameworks",
				);
				PRODUCT_BUNDLE_IDENTIFIER = com.2KFTJ.RinderTests;
				PRODUCT_NAME = "$(TARGET_NAME)";
				SWIFT_VERSION = 5.0;
				TARGETED_DEVICE_FAMILY = "1,2";
				TEST_HOST = "$(BUILT_PRODUCTS_DIR)/Rinder.app/Rinder";
			};
			name = Debug;
		};
		1357C371255E0AB100B1A89A /* Release */ = {
			isa = XCBuildConfiguration;
			baseConfigurationReference = 84D4439205480FBE266C44EE /* Pods-RinderTests.release.xcconfig */;
			buildSettings = {
				ALWAYS_EMBED_SWIFT_STANDARD_LIBRARIES = YES;
				BUNDLE_LOADER = "$(TEST_HOST)";
				CODE_SIGN_STYLE = Automatic;
				INFOPLIST_FILE = RinderTests/Info.plist;
				IPHONEOS_DEPLOYMENT_TARGET = 14.1;
				LD_RUNPATH_SEARCH_PATHS = (
					"$(inherited)",
					"@executable_path/Frameworks",
					"@loader_path/Frameworks",
				);
				PRODUCT_BUNDLE_IDENTIFIER = com.2KFTJ.RinderTests;
				PRODUCT_NAME = "$(TARGET_NAME)";
				SWIFT_VERSION = 5.0;
				TARGETED_DEVICE_FAMILY = "1,2";
				TEST_HOST = "$(BUILT_PRODUCTS_DIR)/Rinder.app/Rinder";
			};
			name = Release;
		};
		1357C373255E0AB100B1A89A /* Debug */ = {
			isa = XCBuildConfiguration;
			baseConfigurationReference = 0D25156DB2A210CCEC78F5FB /* Pods-Rinder-RinderUITests.debug.xcconfig */;
			buildSettings = {
				ALWAYS_EMBED_SWIFT_STANDARD_LIBRARIES = YES;
				CODE_SIGN_STYLE = Automatic;
				INFOPLIST_FILE = RinderUITests/Info.plist;
				LD_RUNPATH_SEARCH_PATHS = (
					"$(inherited)",
					"@executable_path/Frameworks",
					"@loader_path/Frameworks",
				);
				PRODUCT_BUNDLE_IDENTIFIER = com.2KFTJ.RinderUITests;
				PRODUCT_NAME = "$(TARGET_NAME)";
				SWIFT_VERSION = 5.0;
				TARGETED_DEVICE_FAMILY = "1,2";
				TEST_TARGET_NAME = Rinder;
			};
			name = Debug;
		};
		1357C374255E0AB100B1A89A /* Release */ = {
			isa = XCBuildConfiguration;
			baseConfigurationReference = 4B248AC196048C2219C996C5 /* Pods-Rinder-RinderUITests.release.xcconfig */;
			buildSettings = {
				ALWAYS_EMBED_SWIFT_STANDARD_LIBRARIES = YES;
				CODE_SIGN_STYLE = Automatic;
				INFOPLIST_FILE = RinderUITests/Info.plist;
				LD_RUNPATH_SEARCH_PATHS = (
					"$(inherited)",
					"@executable_path/Frameworks",
					"@loader_path/Frameworks",
				);
				PRODUCT_BUNDLE_IDENTIFIER = com.2KFTJ.RinderUITests;
				PRODUCT_NAME = "$(TARGET_NAME)";
				SWIFT_VERSION = 5.0;
				TARGETED_DEVICE_FAMILY = "1,2";
				TEST_TARGET_NAME = Rinder;
			};
			name = Release;
		};
/* End XCBuildConfiguration section */

/* Begin XCConfigurationList section */
		1357C33A255E0AAD00B1A89A /* Build configuration list for PBXProject "Rinder" */ = {
			isa = XCConfigurationList;
			buildConfigurations = (
				1357C36A255E0AB100B1A89A /* Debug */,
				1357C36B255E0AB100B1A89A /* Release */,
			);
			defaultConfigurationIsVisible = 0;
			defaultConfigurationName = Release;
		};
		1357C36C255E0AB100B1A89A /* Build configuration list for PBXNativeTarget "Rinder" */ = {
			isa = XCConfigurationList;
			buildConfigurations = (
				1357C36D255E0AB100B1A89A /* Debug */,
				1357C36E255E0AB100B1A89A /* Release */,
			);
			defaultConfigurationIsVisible = 0;
			defaultConfigurationName = Release;
		};
		1357C36F255E0AB100B1A89A /* Build configuration list for PBXNativeTarget "RinderTests" */ = {
			isa = XCConfigurationList;
			buildConfigurations = (
				1357C370255E0AB100B1A89A /* Debug */,
				1357C371255E0AB100B1A89A /* Release */,
			);
			defaultConfigurationIsVisible = 0;
			defaultConfigurationName = Release;
		};
		1357C372255E0AB100B1A89A /* Build configuration list for PBXNativeTarget "RinderUITests" */ = {
			isa = XCConfigurationList;
			buildConfigurations = (
				1357C373255E0AB100B1A89A /* Debug */,
				1357C374255E0AB100B1A89A /* Release */,
			);
			defaultConfigurationIsVisible = 0;
			defaultConfigurationName = Release;
		};
/* End XCConfigurationList section */

/* Begin XCVersionGroup section */
		1357C34B255E0AAD00B1A89A /* Rinder.xcdatamodeld */ = {
			isa = XCVersionGroup;
			children = (
				1357C34C255E0AAD00B1A89A /* Rinder.xcdatamodel */,
			);
			currentVersion = 1357C34C255E0AAD00B1A89A /* Rinder.xcdatamodel */;
			path = Rinder.xcdatamodeld;
			sourceTree = "<group>";
			versionGroupType = wrapper.xcdatamodel;
		};
/* End XCVersionGroup section */
	};
	rootObject = 1357C337255E0AAD00B1A89A /* Project object */;
}
